{
  "name": "testlibrary",
  "version": "1.0.0",
  "lockfileVersion": 3,
  "requires": true,
  "packages": {
    "": {
      "name": "testlibrary",
      "version": "1.0.0",
      "license": "ISC",
      "dependencies": {
        "astorki-library": "^1.0.0"
      }
    },
    "node_modules/astorki-library": {
      "version": "1.0.0",
      "resolved": "https://registry.npmjs.org/astorki-library/-/astorki-library-1.0.0.tgz",
      "integrity": "sha512-BNrnT5K2c+YYrr458lvXkyM7HWQsJeUk9k0zltwhFUWqLPWO81bUlaXb/SPl07VwtzpEqy28Qjd8mUSMyx4T5Q==",
      "license": "ISC"
    }
  }
}
